// !$*UTF8*$!
{
	archiveVersion = 1;
	classes = {
	};
	objectVersion = 77;
	objects = {

/* Begin PBXContainerItemProxy section */
		0A76A1A42F61AD5E00668C9B /* PBXContainerItemProxy */ = {
			isa = PBXContainerItemProxy;
			containerPortal = 0A76A1892F61AD5B00668C9B /* Project object */;
			proxyType = 1;
			remoteGlobalIDString = 0A76A1902F61AD5B00668C9B;
			remoteInfo = TwinMind_Audio_Recorder;
		};
		0A76A1AE2F61AD5E00668C9B /* PBXContainerItemProxy */ = {
			isa = PBXContainerItemProxy;
			containerPortal = 0A76A1892F61AD5B00668C9B /* Project object */;
			proxyType = 1;
			remoteGlobalIDString = 0A76A1902F61AD5B00668C9B;
			remoteInfo = TwinMind_Audio_Recorder;
		};
/* End PBXContainerItemProxy section */

/* Begin PBXFileReference section */
		0A76A1912F61AD5C00668C9B /* TwinMind_Audio_Recorder.app */ = {isa = PBXFileReference; explicitFileType = wrapper.application; includeInIndex = 0; path = TwinMind_Audio_Recorder.app; sourceTree = BUILT_PRODUCTS_DIR; };
		0A76A1A32F61AD5E00668C9B /* TwinMind_Audio_RecorderTests.xctest */ = {isa = PBXFileReference; explicitFileType = wrapper.cfbundle; includeInIndex = 0; path = TwinMind_Audio_RecorderTests.xctest; sourceTree = BUILT_PRODUCTS_DIR; };
		0A76A1AD2F61AD5E00668C9B /* TwinMind_Audio_RecorderUITests.xctest */ = {isa = PBXFileReference; explicitFileType = wrapper.cfbundle; includeInIndex = 0; path = TwinMind_Audio_RecorderUITests.xctest; sourceTree = BUILT_PRODUCTS_DIR; };
/* End PBXFileReference section */

/* Begin PBXFileSystemSynchronizedRootGroup section */
		0A76A1932F61AD5C00668C9B /* TwinMind_Audio_Recorder */ = {
			isa = PBXFileSystemSynchronizedRootGroup;
			path = TwinMind_Audio_Recorder;
			sourceTree = "<group>";
		};
		0A76A1A62F61AD5E00668C9B /* TwinMind_Audio_RecorderTests */ = {
			isa = PBXFileSystemSynchronizedRootGroup;
			path = TwinMind_Audio_RecorderTests;
			sourceTree = "<group>";
		};
		0A76A1B02F61AD5E00668C9B /* TwinMind_Audio_RecorderUITests */ = {
			isa = PBXFileSystemSynchronizedRootGroup;
			path = TwinMind_Audio_RecorderUITests;
			sourceTree = "<group>";
		};
/* End PBXFileSystemSynchronizedRootGroup section */

/* Begin PBXFrameworksBuildPhase section */
		0A76A18E2F61AD5B00668C9B /* Frameworks */ = {
			isa = PBXFrameworksBuildPhase;
			buildActionMask = 2147483647;
			files = (
			);
			runOnlyForDeploymentPostprocessing = 0;
		};
		0A76A1A02F61AD5E00668C9B /* Frameworks */ = {
			isa = PBXFrameworksBuildPhase;
			buildActionMask = 2147483647;
			files = (
			);
			runOnlyForDeploymentPostprocessing = 0;
		};
		0A76A1AA2F61AD5E00668C9B /* Frameworks */ = {
			isa = PBXFrameworksBuildPhase;
			buildActionMask = 2147483647;
			files = (
			);
			runOnlyForDeploymentPostprocessing = 0;
		};
/* End PBXFrameworksBuildPhase section */

/* Begin PBXGroup section */
		0A76A1882F61AD5B00668C9B = {
			isa = PBXGroup;
			children = (
				0A76A1932F61AD5C00668C9B /* TwinMind_Audio_Recorder */,
				0A76A1A62F61AD5E00668C9B /* TwinMind_Audio_RecorderTests */,
				0A76A1B02F61AD5E00668C9B /* TwinMind_Audio_RecorderUITests */,
				0A76A1922F61AD5C00668C9B /* Products */,
			);
			sourceTree = "<group>";
		};
		0A76A1922F61AD5C00668C9B /* Products */ = {
			isa = PBXGroup;
			children = (
				0A76A1912F61AD5C00668C9B /* TwinMind_Audio_Recorder.app */,
				0A76A1A32F61AD5E00668C9B /* TwinMind_Audio_RecorderTests.xctest */,
				0A76A1AD2F61AD5E00668C9B /* TwinMind_Audio_RecorderUITests.xctest */,
			);
			name = Products;
			sourceTree = "<group>";
		};
/* End PBXGroup section */

/* Begin PBXNativeTarget section */
		0A76A1902F61AD5B00668C9B /* TwinMind_Audio_Recorder */ = {
			isa = PBXNativeTarget;
			buildConfigurationList = 0A76A1B72F61AD5E00668C9B /* Build configuration list for PBXNativeTarget "TwinMind_Audio_Recorder" */;
			buildPhases = (
				0A76A18D2F61AD5B00668C9B /* Sources */,
				0A76A18E2F61AD5B00668C9B /* Frameworks */,
				0A76A18F2F61AD5B00668C9B /* Resources */,
			);
			buildRules = (
			);
			dependencies = (
			);
			fileSystemSynchronizedGroups = (
				0A76A1932F61AD5C00668C9B /* TwinMind_Audio_Recorder */,
			);
			name = TwinMind_Audio_Recorder;
			packageProductDependencies = (
			);
			productName = TwinMind_Audio_Recorder;
			productReference = 0A76A1912F61AD5C00668C9B /* TwinMind_Audio_Recorder.app */;
			productType = "com.apple.product-type.application";
		};
		0A76A1A22F61AD5E00668C9B /* TwinMind_Audio_RecorderTests */ = {
			isa = PBXNativeTarget;
			buildConfigurationList = 0A76A1BA2F61AD5E00668C9B /* Build configuration list for PBXNativeTarget "TwinMind_Audio_RecorderTests" */;
			buildPhases = (
				0A76A19F2F61AD5E00668C9B /* Sources */,
				0A76A1A02F61AD5E00668C9B /* Frameworks */,
				0A76A1A12F61AD5E00668C9B /* Resources */,
			);
			buildRules = (
			);
			dependencies = (
				0A76A1A52F61AD5E00668C9B /* PBXTargetDependency */,
			);
			fileSystemSynchronizedGroups = (
				0A76A1A62F61AD5E00668C9B /* TwinMind_Audio_RecorderTests */,
			);
			name = TwinMind_Audio_RecorderTests;
			packageProductDependencies = (
			);
			productName = TwinMind_Audio_RecorderTests;
			productReference = 0A76A1A32F61AD5E00668C9B /* TwinMind_Audio_RecorderTests.xctest */;
			productType = "com.apple.product-type.bundle.unit-test";
		};
		0A76A1AC2F61AD5E00668C9B /* TwinMind_Audio_RecorderUITests */ = {
			isa = PBXNativeTarget;
			buildConfigurationList = 0A76A1BD2F61AD5E00668C9B /* Build configuration list for PBXNativeTarget "TwinMind_Audio_RecorderUITests" */;
			buildPhases = (
				0A76A1A92F61AD5E00668C9B /* Sources */,
				0A76A1AA2F61AD5E00668C9B /* Frameworks */,
				0A76A1AB2F61AD5E00668C9B /* Resources */,
			);
			buildRules = (
			);
			dependencies = (
				0A76A1AF2F61AD5E00668C9B /* PBXTargetDependency */,
			);
			fileSystemSynchronizedGroups = (
				0A76A1B02F61AD5E00668C9B /* TwinMind_Audio_RecorderUITests */,
			);
			name = TwinMind_Audio_RecorderUITests;
			packageProductDependencies = (
			);
			productName = TwinMind_Audio_RecorderUITests;
			productReference = 0A76A1AD2F61AD5E00668C9B /* TwinMind_Audio_RecorderUITests.xctest */;
			productType = "com.apple.product-type.bundle.ui-testing";
		};
/* End PBXNativeTarget section */

/* Begin PBXProject section */
		0A76A1892F61AD5B00668C9B /* Project object */ = {
			isa = PBXProject;
			attributes = {
				BuildIndependentTargetsInParallel = 1;
				LastSwiftUpdateCheck = 2620;
				LastUpgradeCheck = 2620;
				TargetAttributes = {
					0A76A1902F61AD5B00668C9B = {
						CreatedOnToolsVersion = 26.2;
					};
					0A76A1A22F61AD5E00668C9B = {
						CreatedOnToolsVersion = 26.2;
						TestTargetID = 0A76A1902F61AD5B00668C9B;
					};
					0A76A1AC2F61AD5E00668C9B = {
						CreatedOnToolsVersion = 26.2;
						TestTargetID = 0A76A1902F61AD5B00668C9B;
					};
				};
			};
			buildConfigurationList = 0A76A18C2F61AD5B00668C9B /* Build configuration list for PBXProject "TwinMind_Audio_Recorder" */;
			developmentRegion = en;
			hasScannedForEncodings = 0;
			knownRegions = (
				en,
				Base,
			);
			mainGroup = 0A76A1882F61AD5B00668C9B;
			minimizedProjectReferenceProxies = 1;
			preferredProjectObjectVersion = 77;
			productRefGroup = 0A76A1922F61AD5C00668C9B /* Products */;
			projectDirPath = "";
			projectRoot = "";
			targets = (
				0A76A1902F61AD5B00668C9B /* TwinMind_Audio_Recorder */,
				0A76A1A22F61AD5E00668C9B /* TwinMind_Audio_RecorderTests */,
				0A76A1AC2F61AD5E00668C9B /* TwinMind_Audio_RecorderUITests */,
			);
		};
/* End PBXProject section */

/* Begin PBXResourcesBuildPhase section */
		0A76A18F2F61AD5B00668C9B /* Resources */ = {
			isa = PBXResourcesBuildPhase;
			buildActionMask = 2147483647;
			files = (
			);
			runOnlyForDeploymentPostprocessing = 0;
		};
		0A76A1A12F61AD5E00668C9B /* Resources */ = {
			isa = PBXResourcesBuildPhase;
			buildActionMask = 2147483647;
			files = (
			);
			runOnlyForDeploymentPostprocessing = 0;
		};
		0A76A1AB2F61AD5E00668C9B /* Resources */ = {
			isa = PBXResourcesBuildPhase;
			buildActionMask = 2147483647;
			files = (
			);
			runOnlyForDeploymentPostprocessing = 0;
		};
/* End PBXResourcesBuildPhase section */

/* Begin PBXSourcesBuildPhase section */
		0A76A18D2F61AD5B00668C9B /* Sources */ = {
			isa = PBXSourcesBuildPhase;
			buildActionMask = 2147483647;
			files = (
			);
			runOnlyForDeploymentPostprocessing = 0;
		};
		0A76A19F2F61AD5E00668C9B /* Sources */ = {
			isa = PBXSourcesBuildPhase;
			buildActionMask = 2147483647;
			files = (
			);
			runOnlyForDeploymentPostprocessing = 0;
		};
		0A76A1A92F61AD5E00668C9B /* Sources */ = {
			isa = PBXSourcesBuildPhase;
			buildActionMask = 2147483647;
			files = (
			);
			runOnlyForDeploymentPostprocessing = 0;
		};
/* End PBXSourcesBuildPhase section */

/* Begin PBXTargetDependency section */
		0A76A1A52F61AD5E00668C9B /* PBXTargetDependency */ = {
			isa = PBXTargetDependency;
			target = 0A76A1902F61AD5B00668C9B /* TwinMind_Audio_Recorder */;
			targetProxy = 0A76A1A42F61AD5E00668C9B /* PBXContainerItemProxy */;
		};
		0A76A1AF2F61AD5E00668C9B /* PBXTargetDependency */ = {
			isa = PBXTargetDependency;
			target = 0A76A1902F61AD5B00668C9B /* TwinMind_Audio_Recorder */;
			targetProxy = 0A76A1AE2F61AD5E00668C9B /* PBXContainerItemProxy */;
		};
/* End PBXTargetDependency section */

/* Begin XCBuildConfiguration section */
		0A76A1B52F61AD5E00668C9B /* Debug */ = {
			isa = XCBuildConfiguration;
			buildSettings = {
				ALWAYS_SEARCH_USER_PATHS = NO;
				ASSETCATALOG_COMPILER_GENERATE_SWIFT_ASSET_SYMBOL_EXTENSIONS = YES;
				CLANG_ANALYZER_NONNULL = YES;
				CLANG_ANALYZER_NUMBER_OBJECT_CONVERSION = YES_AGGRESSIVE;
				CLANG_CXX_LANGUAGE_STANDARD = "gnu++20";
				CLANG_ENABLE_MODULES = YES;
				CLANG_ENABLE_OBJC_ARC = YES;
				CLANG_ENABLE_OBJC_WEAK = YES;
				CLANG_WARN_BLOCK_CAPTURE_AUTORELEASING = YES;
				CLANG_WARN_BOOL_CONVERSION = YES;
				CLANG_WARN_COMMA = YES;
				CLANG_WARN_CONSTANT_CONVERSION = YES;
				CLANG_WARN_DEPRECATED_OBJC_IMPLEMENTATIONS = YES;
				CLANG_WARN_DIRECT_OBJC_ISA_USAGE = YES_ERROR;
				CLANG_WARN_DOCUMENTATION_COMMENTS = YES;
				CLANG_WARN_EMPTY_BODY = YES;
				CLANG_WARN_ENUM_CONVERSION = YES;
				CLANG_WARN_INFINITE_RECURSION = YES;
				CLANG_WARN_INT_CONVERSION = YES;
				CLANG_WARN_NON_LITERAL_NULL_CONVERSION = YES;
				CLANG_WARN_OBJC_IMPLICIT_RETAIN_SELF = YES;
				CLANG_WARN_OBJC_LITERAL_CONVERSION = YES;
				CLANG_WARN_OBJC_ROOT_CLASS = YES_ERROR;
				CLANG_WARN_QUOTED_INCLUDE_IN_FRAMEWORK_HEADER = YES;
				CLANG_WARN_RANGE_LOOP_ANALYSIS = YES;
				CLANG_WARN_STRICT_PROTOTYPES = YES;
				CLANG_WARN_SUSPICIOUS_MOVE = YES;
				CLANG_WARN_UNGUARDED_AVAILABILITY = YES_AGGRESSIVE;
				CLANG_WARN_UNREACHABLE_CODE = YES;
				CLANG_WARN__DUPLICATE_METHOD_MATCH = YES;
				COPY_PHASE_STRIP = NO;
				DEBUG_INFORMATION_FORMAT = dwarf;
				DEVELOPMENT_TEAM = P35TG23C96;
				ENABLE_STRICT_OBJC_MSGSEND = YES;
				ENABLE_TESTABILITY = YES;
				ENABLE_USER_SCRIPT_SANDBOXING = YES;
				GCC_C_LANGUAGE_STANDARD = gnu17;
				GCC_DYNAMIC_NO_PIC = NO;
				GCC_NO_COMMON_BLOCKS = YES;
				GCC_OPTIMIZATION_LEVEL = 0;
				GCC_PREPROCESSOR_DEFINITIONS = (
					"DEBUG=1",
					"$(inherited)",
				);
				GCC_WARN_64_TO_32_BIT_CONVERSION = YES;
				GCC_WARN_ABOUT_RETURN_TYPE = YES_ERROR;
				GCC_WARN_UNDECLARED_SELECTOR = YES;
				GCC_WARN_UNINITIALIZED_AUTOS = YES_AGGRESSIVE;
				GCC_WARN_UNUSED_FUNCTION = YES;
				GCC_WARN_UNUSED_VARIABLE = YES;
				IPHONEOS_DEPLOYMENT_TARGET = 26.2;
				LOCALIZATION_PREFERS_STRING_CATALOGS = YES;
				MTL_ENABLE_DEBUG_INFO = INCLUDE_SOURCE;
				MTL_FAST_MATH = YES;
				ONLY_ACTIVE_ARCH = YES;
				SDKROOT = iphoneos;
				SWIFT_ACTIVE_COMPILATION_CONDITIONS = "DEBUG $(inherited)";
				SWIFT_OPTIMIZATION_LEVEL = "-Onone";
			};
			name = Debug;
		};
		0A76A1B62F61AD5E00668C9B /* Release */ = {
			isa = XCBuildConfiguration;
			buildSettings = {
				ALWAYS_SEARCH_USER_PATHS = NO;
				ASSETCATALOG_COMPILER_GENERATE_SWIFT_ASSET_SYMBOL_EXTENSIONS = YES;
				CLANG_ANALYZER_NONNULL = YES;
				CLANG_ANALYZER_NUMBER_OBJECT_CONVERSION = YES_AGGRESSIVE;
				CLANG_CXX_LANGUAGE_STANDARD = "gnu++20";
				CLANG_ENABLE_MODULES = YES;
				CLANG_ENABLE_OBJC_ARC = YES;
				CLANG_ENABLE_OBJC_WEAK = YES;
				CLANG_WARN_BLOCK_CAPTURE_AUTORELEASING = YES;
				CLANG_WARN_BOOL_CONVERSION = YES;
				CLANG_WARN_COMMA = YES;
				CLANG_WARN_CONSTANT_CONVERSION = YES;
				CLANG_WARN_DEPRECATED_OBJC_IMPLEMENTATIONS = YES;
				CLANG_WARN_DIRECT_OBJC_ISA_USAGE = YES_ERROR;
				CLANG_WARN_DOCUMENTATION_COMMENTS = YES;
				CLANG_WARN_EMPTY_BODY = YES;
				CLANG_WARN_ENUM_CONVERSION = YES;
				CLANG_WARN_INFINITE_RECURSION = YES;
				CLANG_WARN_INT_CONVERSION = YES;
				CLANG_WARN_NON_LITERAL_NULL_CONVERSION = YES;
				CLANG_WARN_OBJC_IMPLICIT_RETAIN_SELF = YES;
				CLANG_WARN_OBJC_LITERAL_CONVERSION = YES;
				CLANG_WARN_OBJC_ROOT_CLASS = YES_ERROR;
				CLANG_WARN_QUOTED_INCLUDE_IN_FRAMEWORK_HEADER = YES;
				CLANG_WARN_RANGE_LOOP_ANALYSIS = YES;
				CLANG_WARN_STRICT_PROTOTYPES = YES;
				CLANG_WARN_SUSPICIOUS_MOVE = YES;
				CLANG_WARN_UNGUARDED_AVAILABILITY = YES_AGGRESSIVE;
				CLANG_WARN_UNREACHABLE_CODE = YES;
				CLANG_WARN__DUPLICATE_METHOD_MATCH = YES;
				COPY_PHASE_STRIP = NO;
				DEBUG_INFORMATION_FORMAT = "dwarf-with-dsym";
				DEVELOPMENT_TEAM = P35TG23C96;
				ENABLE_NS_ASSERTIONS = NO;
				ENABLE_STRICT_OBJC_MSGSEND = YES;
				ENABLE_USER_SCRIPT_SANDBOXING = YES;
				GCC_C_LANGUAGE_STANDARD = gnu17;
				GCC_NO_COMMON_BLOCKS = YES;
				GCC_WARN_64_TO_32_BIT_CONVERSION = YES;
				GCC_WARN_ABOUT_RETURN_TYPE = YES_ERROR;
				GCC_WARN_UNDECLARED_SELECTOR = YES;
				GCC_WARN_UNINITIALIZED_AUTOS = YES_AGGRESSIVE;
				GCC_WARN_UNUSED_FUNCTION = YES;
				GCC_WARN_UNUSED_VARIABLE = YES;
				IPHONEOS_DEPLOYMENT_TARGET = 26.2;
				LOCALIZATION_PREFERS_STRING_CATALOGS = YES;
				MTL_ENABLE_DEBUG_INFO = NO;
				MTL_FAST_MATH = YES;
				SDKROOT = iphoneos;
				SWIFT_COMPILATION_MODE = wholemodule;
				VALIDATE_PRODUCT = YES;
			};
			name = Release;
		};
		0A76A1B82F61AD5E00668C9B /* Debug */ = {
			isa = XCBuildConfiguration;
			buildSettings = {
				ASSETCATALOG_COMPILER_APPICON_NAME = AppIcon;
				ASSETCATALOG_COMPILER_GLOBAL_ACCENT_COLOR_NAME = AccentColor;
				CODE_SIGN_STYLE = Automatic;
				CURRENT_PROJECT_VERSION = 1;
				DEVELOPMENT_TEAM = P35TG23C96;
				ENABLE_PREVIEWS = YES;
				GENERATE_INFOPLIST_FILE = YES;
				INFOPLIST_FILE = "TwinMind-Audio-Recorder-Info.plist";
				INFOPLIST_KEY_NSMicrophoneUsageDescription = "We need your microphone access to save and record audio";
				INFOPLIST_KEY_UIApplicationSceneManifest_Generation = YES;
				INFOPLIST_KEY_UIApplicationSupportsIndirectInputEvents = YES;
				INFOPLIST_KEY_UILaunchScreen_Generation = YES;
				INFOPLIST_KEY_UISupportedInterfaceOrientations_iPad = "UIInterfaceOrientationPortrait UIInterfaceOrientationPortraitUpsideDown UIInterfaceOrientationLandscapeLeft UIInterfaceOrientationLandscapeRight";
				INFOPLIST_KEY_UISupportedInterfaceOrientations_iPhone = "UIInterfaceOrientationPortrait UIInterfaceOrientationLandscapeLeft UIInterfaceOrientationLandscapeRight";
				IPHONEOS_DEPLOYMENT_TARGET = 17.0;
				LD_RUNPATH_SEARCH_PATHS = (
					"$(inherited)",
					"@executable_path/Frameworks",
				);
				MARKETING_VERSION = 1.0;
				PRODUCT_BUNDLE_IDENTIFIER = "AKApps.TwinMind-Audio-Recorder";
				PRODUCT_NAME = "$(TARGET_NAME)";
				STRING_CATALOG_GENERATE_SYMBOLS = YES;
				SWIFT_APPROACHABLE_CONCURRENCY = YES;
				SWIFT_DEFAULT_ACTOR_ISOLATION = MainActor;
				SWIFT_EMIT_LOC_STRINGS = YES;
				SWIFT_UPCOMING_FEATURE_MEMBER_IMPORT_VISIBILITY = YES;
				SWIFT_VERSION = 5.0;
				TARGETED_DEVICE_FAMILY = "1,2";
			};
			name = Debug;
		};
		0A76A1B92F61AD5E00668C9B /* Release */ = {
			isa = XCBuildConfiguration;
			buildSettings = {
				ASSETCATALOG_COMPILER_APPICON_NAME = AppIcon;
				ASSETCATALOG_COMPILER_GLOBAL_ACCENT_COLOR_NAME = AccentColor;
				CODE_SIGN_STYLE = Automatic;
				CURRENT_PROJECT_VERSION = 1;
				DEVELOPMENT_TEAM = P35TG23C96;
				ENABLE_PREVIEWS = YES;
				GENERATE_INFOPLIST_FILE = YES;
				INFOPLIST_FILE = "TwinMind-Audio-Recorder-Info.plist";
				INFOPLIST_KEY_NSMicrophoneUsageDescription = "We need your microphone access to save and record audio";
				INFOPLIST_KEY_UIApplicationSceneManifest_Generation = YES;
				INFOPLIST_KEY_UIApplicationSupportsIndirectInputEvents = YES;
				INFOPLIST_KEY_UILaunchScreen_Generation = YES;
				INFOPLIST_KEY_UISupportedInterfaceOrientations_iPad = "UIInterfaceOrientationPortrait UIInterfaceOrientationPortraitUpsideDown UIInterfaceOrientationLandscapeLeft UIInterfaceOrientationLandscapeRight";
				INFOPLIST_KEY_UISupportedInterfaceOrientations_iPhone = "UIInterfaceOrientationPortrait UIInterfaceOrientationLandscapeLeft UIInterfaceOrientationLandscapeRight";
				IPHONEOS_DEPLOYMENT_TARGET = 17.0;
				LD_RUNPATH_SEARCH_PATHS = (
					"$(inherited)",
					"@executable_path/Frameworks",
				);
				MARKETING_VERSION = 1.0;
				PRODUCT_BUNDLE_IDENTIFIER = "AKApps.TwinMind-Audio-Recorder";
				PRODUCT_NAME = "$(TARGET_NAME)";
				STRING_CATALOG_GENERATE_SYMBOLS = YES;
				SWIFT_APPROACHABLE_CONCURRENCY = YES;
				SWIFT_DEFAULT_ACTOR_ISOLATION = MainActor;
				SWIFT_EMIT_LOC_STRINGS = YES;
				SWIFT_UPCOMING_FEATURE_MEMBER_IMPORT_VISIBILITY = YES;
				SWIFT_VERSION = 5.0;
				TARGETED_DEVICE_FAMILY = "1,2";
			};
			name = Release;
		};
		0A76A1BB2F61AD5E00668C9B /* Debug */ = {
			isa = XCBuildConfiguration;
			buildSettings = {
				BUNDLE_LOADER = "$(TEST_HOST)";
				CODE_SIGN_STYLE = Automatic;
				CURRENT_PROJECT_VERSION = 1;
				DEVELOPMENT_TEAM = P35TG23C96;
				GENERATE_INFOPLIST_FILE = YES;
				IPHONEOS_DEPLOYMENT_TARGET = 26.2;
				MARKETING_VERSION = 1.0;
				PRODUCT_BUNDLE_IDENTIFIER = "AKApps.TwinMind-Audio-RecorderTests";
				PRODUCT_NAME = "$(TARGET_NAME)";
				STRING_CATALOG_GENERATE_SYMBOLS = NO;
				SWIFT_APPROACHABLE_CONCURRENCY = YES;
				SWIFT_EMIT_LOC_STRINGS = NO;
				SWIFT_UPCOMING_FEATURE_MEMBER_IMPORT_VISIBILITY = YES;
				SWIFT_VERSION = 5.0;
				TARGETED_DEVICE_FAMILY = "1,2";
				TEST_HOST = "$(BUILT_PRODUCTS_DIR)/TwinMind_Audio_Recorder.app/$(BUNDLE_EXECUTABLE_FOLDER_PATH)/TwinMind_Audio_Recorder";
			};
			name = Debug;
		};
		0A76A1BC2F61AD5E00668C9B /* Release */ = {
			isa = XCBuildConfiguration;
			buildSettings = {
				BUNDLE_LOADER = "$(TEST_HOST)";
				CODE_SIGN_STYLE = Automatic;
				CURRENT_PROJECT_VERSION = 1;
				DEVELOPMENT_TEAM = P35TG23C96;
				GENERATE_INFOPLIST_FILE = YES;
				IPHONEOS_DEPLOYMENT_TARGET = 26.2;
				MARKETING_VERSION = 1.0;
				PRODUCT_BUNDLE_IDENTIFIER = "AKApps.TwinMind-Audio-RecorderTests";
				PRODUCT_NAME = "$(TARGET_NAME)";
				STRING_CATALOG_GENERATE_SYMBOLS = NO;
				SWIFT_APPROACHABLE_CONCURRENCY = YES;
				SWIFT_EMIT_LOC_STRINGS = NO;
				SWIFT_UPCOMING_FEATURE_MEMBER_IMPORT_VISIBILITY = YES;
				SWIFT_VERSION = 5.0;
				TARGETED_DEVICE_FAMILY = "1,2";
				TEST_HOST = "$(BUILT_PRODUCTS_DIR)/TwinMind_Audio_Recorder.app/$(BUNDLE_EXECUTABLE_FOLDER_PATH)/TwinMind_Audio_Recorder";
			};
			name = Release;
		};
		0A76A1BE2F61AD5E00668C9B /* Debug */ = {
			isa = XCBuildConfiguration;
			buildSettings = {
				CODE_SIGN_STYLE = Automatic;
				CURRENT_PROJECT_VERSION = 1;
				DEVELOPMENT_TEAM = P35TG23C96;
				GENERATE_INFOPLIST_FILE = YES;
				MARKETING_VERSION = 1.0;
				PRODUCT_BUNDLE_IDENTIFIER = "AKApps.TwinMind-Audio-RecorderUITests";
				PRODUCT_NAME = "$(TARGET_NAME)";
				STRING_CATALOG_GENERATE_SYMBOLS = NO;
				SWIFT_APPROACHABLE_CONCURRENCY = YES;
				SWIFT_EMIT_LOC_STRINGS = NO;
				SWIFT_UPCOMING_FEATURE_MEMBER_IMPORT_VISIBILITY = YES;
				SWIFT_VERSION = 5.0;
				TARGETED_DEVICE_FAMILY = "1,2";
				TEST_TARGET_NAME = TwinMind_Audio_Recorder;
			};
			name = Debug;
		};
		0A76A1BF2F61AD5E00668C9B /* Release */ = {
			isa = XCBuildConfiguration;
			buildSettings = {
				CODE_SIGN_STYLE = Automatic;
				CURRENT_PROJECT_VERSION = 1;
				DEVELOPMENT_TEAM = P35TG23C96;
				GENERATE_INFOPLIST_FILE = YES;
				MARKETING_VERSION = 1.0;
				PRODUCT_BUNDLE_IDENTIFIER = "AKApps.TwinMind-Audio-RecorderUITests";
				PRODUCT_NAME = "$(TARGET_NAME)";
				STRING_CATALOG_GENERATE_SYMBOLS = NO;
				SWIFT_APPROACHABLE_CONCURRENCY = YES;
				SWIFT_EMIT_LOC_STRINGS = NO;
				SWIFT_UPCOMING_FEATURE_MEMBER_IMPORT_VISIBILITY = YES;
				SWIFT_VERSION = 5.0;
				TARGETED_DEVICE_FAMILY = "1,2";
				TEST_TARGET_NAME = TwinMind_Audio_Recorder;
			};
			name = Release;
		};
/* End XCBuildConfiguration section */

/* Begin XCConfigurationList section */
		0A76A18C2F61AD5B00668C9B /* Build configuration list for PBXProject "TwinMind_Audio_Recorder" */ = {
			isa = XCConfigurationList;
			buildConfigurations = (
				0A76A1B52F61AD5E00668C9B /* Debug */,
				0A76A1B62F61AD5E00668C9B /* Release */,
			);
			defaultConfigurationIsVisible = 0;
			defaultConfigurationName = Release;
		};
		0A76A1B72F61AD5E00668C9B /* Build configuration list for PBXNativeTarget "TwinMind_Audio_Recorder" */ = {
			isa = XCConfigurationList;
			buildConfigurations = (
				0A76A1B82F61AD5E00668C9B /* Debug */,
				0A76A1B92F61AD5E00668C9B /* Release */,
			);
			defaultConfigurationIsVisible = 0;
			defaultConfigurationName = Release;
		};
		0A76A1BA2F61AD5E00668C9B /* Build configuration list for PBXNativeTarget "TwinMind_Audio_RecorderTests" */ = {
			isa = XCConfigurationList;
			buildConfigurations = (
				0A76A1BB2F61AD5E00668C9B /* Debug */,
				0A76A1BC2F61AD5E00668C9B /* Release */,
			);
			defaultConfigurationIsVisible = 0;
			defaultConfigurationName = Release;
		};
		0A76A1BD2F61AD5E00668C9B /* Build configuration list for PBXNativeTarget "TwinMind_Audio_RecorderUITests" */ = {
			isa = XCConfigurationList;
			buildConfigurations = (
				0A76A1BE2F61AD5E00668C9B /* Debug */,
				0A76A1BF2F61AD5E00668C9B /* Release */,
			);
			defaultConfigurationIsVisible = 0;
			defaultConfigurationName = Release;
		};
/* End XCConfigurationList section */
	};
	rootObject = 0A76A1892F61AD5B00668C9B /* Project object */;
}
